<?xml version="1.0" encoding="utf-8"?>
<Project ToolsVersion="4.0" xmlns="http://schemas.microsoft.com/developer/msbuild/2003">
  <ItemGroup>
    <Filter Include="Source Files">
      <UniqueIdentifier>{4FC737F1-C7A5-4376-A066-2A32D752A2FF}</UniqueIdentifier>
      <Extensions>cpp;c;cc;cxx;c++;cppm;ixx;def;odl;idl;hpj;bat;asm;asmx</Extensions>
    </Filter>
    <Filter Include="Header Files">
      <UniqueIdentifier>{93995380-89BD-4b04-88EB-625FBE52EBFB}</UniqueIdentifier>
      <Extensions>h;hh;hpp;hxx;h++;hm;inl;inc;ipp;xsd</Extensions>
    </Filter>
    <Filter Include="Resource Files">
      <UniqueIdentifier>{67DA6AB6-F800-4c08-8B7A-83BB121AAD01}</UniqueIdentifier>
      <Extensions>rc;ico;cur;bmp;dlg;rc2;rct;bin;rgs;gif;jpg;jpeg;jpe;resx;tiff;tif;png;wav;mfcribbon-ms</Extensions>
    </Filter>
    <Filter Include="Source Files\CCNParser">
      <UniqueIdentifier>{99f711c8-ea81-43c6-88ba-c59e0452577f}</UniqueIdentifier>
    </Filter>
    <Filter Include="Source Files\CCNParser\Chunks">
      <UniqueIdentifier>{ece5371d-7a33-4d7f-973f-46a1c9c8d0f4}</UniqueIdentifier>
    </Filter>
    <Filter Include="Header Files\CCNParser">
      <UniqueIdentifier>{bb6e54db-1be8-430c-8aee-18178cbd0dca}</UniqueIdentifier>
    </Filter>
    <Filter Include="Header Files\CCNParser\Chunks">
      <UniqueIdentifier>{78d0d9cd-0bc7-4fd5-868c-693447207a66}</UniqueIdentifier>
    </Filter>
    <Filter Include="Header Files\Utils">
      <UniqueIdentifier>{e870cf5e-aaaa-481b-b96e-214311efcf2c}</UniqueIdentifier>
    </Filter>
    <Filter Include="Source Files\BinaryTools">
      <UniqueIdentifier>{643d2597-74ad-498f-a4ba-09bd9c70ab55}</UniqueIdentifier>
    </Filter>
    <Filter Include="Source Files\CCNParser\Utils">
      <UniqueIdentifier>{a4fb9827-afdd-49ee-a390-d91e21f6e7fd}</UniqueIdentifier>
    </Filter>
  </ItemGroup>
  <ItemGroup>
    <ClInclude Include="framework.h">
      <Filter>Header Files</Filter>
    </ClInclude>
    <ClInclude Include="pch.h">
      <Filter>Header Files</Filter>
    </ClInclude>
    <ClInclude Include="GreenFreddyTools\CCNParser\CCNPackage.h">
      <Filter>Header Files\CCNParser</Filter>
    </ClInclude>
    <ClInclude Include="Logger.h">
      <Filter>Header Files\Utils</Filter>
    </ClInclude>
    <ClInclude Include="GreenFreddyTools\CCNParser\Chunks\Chunks.h">
      <Filter>Header Files\CCNParser\Chunks</Filter>
    </ClInclude>
    <ClInclude Include="GreenFreddyTools\BinaryTools\BinaryWriter.h">
      <Filter>Source Files\BinaryTools</Filter>
    </ClInclude>
    <ClInclude Include="GreenFreddyTools\BinaryTools\MemoryBuffer.h">
      <Filter>Source Files\BinaryTools</Filter>
    </ClInclude>
    <ClInclude Include="GreenFreddyTools\BinaryTools\Span.h">
      <Filter>Source Files\BinaryTools</Filter>
    </ClInclude>
    <ClInclude Include="GreenFreddyTools\BinaryTools\Binary.h">
      <Filter>Source Files\BinaryTools</Filter>
    </ClInclude>
    <ClInclude Include="GreenFreddyTools\BinaryTools\BinaryReader.h">
      <Filter>Source Files\BinaryTools</Filter>
    </ClInclude>
    <ClInclude Include="EventManager.h">
      <Filter>Header Files\Utils</Filter>
    </ClInclude>
    <ClInclude Include="GreenFreddyTools\Utils\Decompressor.h">
      <Filter>Header Files\Utils</Filter>
    </ClInclude>
    <ClInclude Include="GreenFreddyTools\Utils\BitDict.h">
      <Filter>Header Files\Utils</Filter>
    </ClInclude>
    <ClInclude Include="GreenFreddyTools\CCNParser\Chunks\ObjectHeaders.h">
      <Filter>Header Files\CCNParser\Chunks</Filter>
    </ClInclude>
    <ClInclude Include="GreenFreddyTools\CCNParser\Chunks\ObjectNames.h">
      <Filter>Header Files\CCNParser\Chunks</Filter>
    </ClInclude>
    <ClInclude Include="GreenFreddyTools\CCNParser\Chunks\ObjectProperties.h">
      <Filter>Header Files\CCNParser\Chunks</Filter>
    </ClInclude>
    <ClInclude Include="GreenFreddyTools\CCNParser\Chunks\ImageBank.h">
      <Filter>Header Files\CCNParser\Chunks</Filter>
    </ClInclude>
    <ClInclude Include="GreenFreddyTools\CCNParser\Chunks\AppHeader.h">
      <Filter>Header Files\CCNParser\Chunks</Filter>
    </ClInclude>
    <ClInclude Include="Loader.h">
      <Filter>Header Files</Filter>
    </ClInclude>
    <ClInclude Include="GreenFreddyTools\CCNParser\Chunks\Image.h">
      <Filter>Header Files\CCNParser\Chunks</Filter>
    </ClInclude>
    <ClInclude Include="Hooks.h">
      <Filter>Header Files</Filter>
    </ClInclude>
    <ClInclude Include="Globals.h">
      <Filter>Header Files</Filter>
    </ClInclude>
    <ClInclude Include="common.h">
      <Filter>Header Files</Filter>
    </ClInclude>
    <ClInclude Include="Preload.h">
      <Filter>Header Files</Filter>
    </ClInclude>
    <ClInclude Include="GreenFreddyTools\CCNParser\Chunks\ImageManager.h">
      <Filter>Header Files\CCNParser\Chunks</Filter>
    </ClInclude>
    <ClInclude Include="GreenFreddyTools\CCNParser\Chunks\ImageOffsets.h">
      <Filter>Header Files\CCNParser\Chunks</Filter>
    </ClInclude>
  </ItemGroup>
  <ItemGroup>
    <ClCompile Include="dllmain.cpp">
      <Filter>Source Files</Filter>
    </ClCompile>
    <ClCompile Include="pch.cpp">
      <Filter>Source Files</Filter>
    </ClCompile>
    <ClCompile Include="Logger.cpp">
      <Filter>Source Files\CCNParser\Utils</Filter>
    </ClCompile>
    <ClCompile Include="GreenFreddyTools\CCNParser\Chunks\Chunks.cpp">
      <Filter>Source Files\CCNParser\Chunks</Filter>
    </ClCompile>
    <ClCompile Include="GreenFreddyTools\BinaryTools\BinaryWriter.cpp">
      <Filter>Source Files\BinaryTools</Filter>
    </ClCompile>
    <ClCompile Include="GreenFreddyTools\BinaryTools\Binary.cpp">
      <Filter>Source Files\BinaryTools</Filter>
    </ClCompile>
    <ClCompile Include="GreenFreddyTools\BinaryTools\BinaryReader.cpp">
      <Filter>Source Files\BinaryTools</Filter>
    </ClCompile>
    <ClCompile Include="GreenFreddyTools\BinaryTools\BinaryTools.cpp">
      <Filter>Source Files\BinaryTools</Filter>
    </ClCompile>
    <ClCompile Include="GreenFreddyTools\CCNParser\CCNPackage.cpp">
      <Filter>Source Files</Filter>
    </ClCompile>
    <ClCompile Include="GreenFreddyTools\Utils\Decompressor.cpp">
      <Filter>Source Files\CCNParser\Utils</Filter>
    </ClCompile>
    <ClCompile Include="GreenFreddyTools\CCNParser\Chunks\ObjectHeaders.cpp">
      <Filter>Source Files\CCNParser\Chunks</Filter>
    </ClCompile>
    <ClCompile Include="GreenFreddyTools\CCNParser\Chunks\ObjectNames.cpp">
      <Filter>Source Files\CCNParser\Chunks</Filter>
    </ClCompile>
    <ClCompile Include="GreenFreddyTools\CCNParser\Chunks\ObjectProperties.cpp">
      <Filter>Source Files\CCNParser\Chunks</Filter>
    </ClCompile>
    <ClCompile Include="GreenFreddyTools\CCNParser\Chunks\ImageBank.cpp">
      <Filter>Source Files\CCNParser\Chunks</Filter>
    </ClCompile>
    <ClCompile Include="GreenFreddyTools\CCNParser\Chunks\AppHeader.cpp">
      <Filter>Source Files\CCNParser\Chunks</Filter>
    </ClCompile>
    <ClCompile Include="Preload.cpp">
      <Filter>Source Files</Filter>
    </ClCompile>
    <ClCompile Include="Loader.cpp">
      <Filter>Source Files</Filter>
    </ClCompile>
    <ClCompile Include="Hooks.cpp">
      <Filter>Source Files</Filter>
    </ClCompile>
    <ClCompile Include="Globals.cpp">
      <Filter>Source Files</Filter>
    </ClCompile>
    <ClCompile Include="GreenFreddyTools\CCNParser\Chunks\ImageManager.cpp">
      <Filter>Source Files\CCNParser\Chunks</Filter>
    </ClCompile>
    <ClCompile Include="GreenFreddyTools\CCNParser\Chunks\ImageOffsets.cpp">
      <Filter>Source Files\CCNParser\Chunks</Filter>
    </ClCompile>
  </ItemGroup>
  <ItemGroup>
    <None Include="GreenFreddyTools\BinaryTools\BinaryTools.vcxproj">
      <Filter>Source Files\BinaryTools</Filter>
    </None>
    <None Include="GreenFreddyTools\BinaryTools\BinaryTools.vcxproj.filters">
      <Filter>Source Files\BinaryTools</Filter>
    </None>
    <None Include="GreenFreddyTools\BinaryTools\TestBin1.bin">
      <Filter>Source Files\BinaryTools</Filter>
    </None>
    <None Include="GreenFreddyTools\BinaryTools\TestBin3.bin">
      <Filter>Source Files\BinaryTools</Filter>
    </None>
  </ItemGroup>
  <ItemGroup>
    <Text Include="GreenFreddyTools\BinaryTools\License.txt">
      <Filter>Source Files\BinaryTools</Filter>
    </Text>
  </ItemGroup>
</Project>